
Microsoft Visual Studio Solution File, Format Version 12.00
# Visual Studio Version 17
VisualStudioVersion = 17.14.35906.104 d17.14
MinimumVisualStudioVersion = 10.0.40219.1
Project("{FAE04EC0-301F-11D3-BF4B-00C04F79EFBC}") = "DataValidationProject", "DataValidationProject.csproj", "{DCEF7F5C-6BF9-4129-9D39-F5ABBFB4277D}"
EndProject
Global
	GlobalSection(SolutionConfigurationPlatforms) = preSolution
		Debug|Any CPU = Debug|Any CPU
		Release|Any CPU = Release|Any CPU
	EndGlobalSection
	GlobalSection(ProjectConfigurationPlatforms) = postSolution
		{DCEF7F5C-6BF9-4129-9D39-F5ABBFB4277D}.Debug|Any CPU.ActiveCfg = Debug|Any CPU
		{DCEF7F5C-6BF9-4129-9D39-F5ABBFB4277D}.Debug|Any CPU.Build.0 = Debug|Any CPU
		{DCEF7F5C-6BF9-4129-9D39-F5ABBFB4277D}.Release|Any CPU.ActiveCfg = Release|Any CPU
		{DCEF7F5C-6BF9-4129-9D39-F5ABBFB4277D}.Release|Any CPU.Build.0 = Release|Any CPU
	EndGlobalSection
	GlobalSection(SolutionProperties) = preSolution
		HideSolutionNode = FALSE
	EndGlobalSection
	GlobalSection(ExtensibilityGlobals) = postSolution
		SolutionGuid = {7052A325-50FF-4C47-B5FC-041EC6A557E9}
	EndGlobalSection
EndGlobal
